PODS:
  - Differ (1.0.3)
  - FootlessParser (0.4.1)
  - NorthLayout (5.0.0):
    - FootlessParser (~> 0.4)
  - ReactiveCocoa (7.1.0):
    - ReactiveSwift (~> 3.1)
  - ReactiveSwift (3.1.0):
    - Result (~> 3.2)
  - Result (3.2.4)
  - ※ikemen (0.5.0)

DEPENDENCIES:
  - Differ
  - NorthLayout
  - ReactiveCocoa
  - ※ikemen

SPEC CHECKSUMS:
  Differ: 0c220ac75542f5f17f91b1303b85bf07d871ecd7
  FootlessParser: 4705a9a740675b7439d9563f2fad83f7b84fc773
  NorthLayout: 718fecaf16d90c82788e452b1280ff3d39c193c5
  ReactiveCocoa: 105ad96f6b8711f1ee7d165fc96587479298053b
  ReactiveSwift: 5b26d2e988fe0eed2daf48c4054d1de74db50184
  Result: d2d07204ce72856f1fd9130bbe42c35a7b0fea10
  ※ikemen: 0cf85af52790db21a846ad31abca356e99da1ffb

PODFILE CHECKSUM: cbff66c3ae470d35b73737f61bce9114f44936c3

COCOAPODS: 1.4.0
